{
  "version": 4,
  "terraform_version": "1.6.2",
  "serial": 110,
  "lineage": "847d184c-77a4-2969-9a36-45b93ec02a4f",
  "outputs": {
    "all_vms": {
      "value": [
        {
          "fqdn": "fhm99nvu37e9g19sd94r.auto.internal",
          "id": "fhm99nvu37e9g19sd94r",
          "name": "web-1"
        },
        {
          "fqdn": "fhmm43bghbdkgfush3fa.auto.internal",
          "id": "fhmm43bghbdkgfush3fa",
          "name": "web-2"
        },
        {
          "fqdn": "fhm1giv8ut7ct8u0k0a6.auto.internal",
          "id": "fhm1giv8ut7ct8u0k0a6",
          "name": "storage"
        },
        {
          "fqdn": "fhml2ssm4v2t8cva70ba.auto.internal",
          "id": "fhml2ssm4v2t8cva70ba",
          "name": "main"
        },
        {
          "fqdn": "fhmp6s886l0dscc0l1am.auto.internal",
          "id": "fhmp6s886l0dscc0l1am",
          "name": "replica"
        }
      ],
      "type": [
        "tuple",
        [
          [
            "object",
            {
              "fqdn": "string",
              "id": "string",
              "name": "string"
            }
          ],
          [
            "object",
            {
              "fqdn": "string",
              "id": "string",
              "name": "string"
            }
          ],
          [
            "object",
            {
              "fqdn": "string",
              "id": "string",
              "name": "string"
            }
          ],
          [
            "object",
            {
              "fqdn": "string",
              "id": "string",
              "name": "string"
            }
          ],
          [
            "object",
            {
              "fqdn": "string",
              "id": "string",
              "name": "string"
            }
          ]
        ]
      ]
    }
  },
  "resources": [
    {
      "mode": "data",
      "type": "yandex_compute_image",
      "name": "ubuntu",
      "provider": "provider[\"registry.terraform.io/yandex-cloud/yandex\"]",
      "instances": [
        {
          "schema_version": 0,
          "attributes": {
            "created_at": "2023-11-13T10:53:09Z",
            "description": "ubuntu 20.04 lts",
            "family": "ubuntu-2004-lts",
            "folder_id": "standard-images",
            "id": "fd853sqaosrb2anl1uve",
            "image_id": "fd853sqaosrb2anl1uve",
            "labels": {},
            "min_disk_size": 5,
            "name": "ubuntu-20-04-lts-v20231113",
            "os_type": "linux",
            "pooled": true,
            "product_ids": [
              "f2e85kvch9jbvjc9nu9g"
            ],
            "size": 4,
            "status": "ready"
          },
          "sensitive_attributes": []
        }
      ]
    },
    {
      "mode": "data",
      "type": "yandex_compute_image",
      "name": "ubuntu-2004-lts",
      "provider": "provider[\"registry.terraform.io/yandex-cloud/yandex\"]",
      "instances": [
        {
          "schema_version": 0,
          "attributes": {
            "created_at": "2023-11-13T10:53:09Z",
            "description": "ubuntu 20.04 lts",
            "family": "ubuntu-2004-lts",
            "folder_id": "standard-images",
            "id": "fd853sqaosrb2anl1uve",
            "image_id": "fd853sqaosrb2anl1uve",
            "labels": {},
            "min_disk_size": 5,
            "name": "ubuntu-20-04-lts-v20231113",
            "os_type": "linux",
            "pooled": true,
            "product_ids": [
              "f2e85kvch9jbvjc9nu9g"
            ],
            "size": 4,
            "status": "ready"
          },
          "sensitive_attributes": []
        }
      ]
    },
    {
      "mode": "managed",
      "type": "local_file",
      "name": "hosts_cfg",
      "provider": "provider[\"registry.terraform.io/hashicorp/local\"]",
      "instances": [
        {
          "schema_version": 0,
          "attributes": {
            "content": "[webservers]\n\nweb-1   ansible_host=51.250.5.52\n\nweb-2   ansible_host=51.250.15.85\n\n\n[databases]\n\nmain   ansible_host=51.250.71.245\n\nreplica   ansible_host=51.250.0.79\n\n\n[storage]\n\nstorage   ansible_host=51.250.65.197\n",
            "content_base64": null,
            "content_base64sha256": "L/AslylUTGxtsFtNczD/Hysu24C1rWUP7wHpLHSruNE=",
            "content_base64sha512": "qYQMXNSB+6YKnFpHUGx5SYgq8iTGk9fchtG3RLi37qCjTLJwgU7+T++2ZtxboS4xWHr5819ylB2x+K4glj7jMw==",
            "content_md5": "718f193f8c33b1689fc6c2f7f520d54f",
            "content_sha1": "675eb5eea376dfdddbedb1a6d4583f9f4903a3bb",
            "content_sha256": "2ff02c9729544c6c6db05b4d7330ff1f2b2edb80b5ad650fef01e92c74abb8d1",
            "content_sha512": "a9840c5cd481fba60a9c5a47506c7949882af224c693d7dc86d1b744b8b7eea0a34cb270814efe4fefb666dc5ba12e31587af9f35f72941db1f8ae20963ee333",
            "directory_permission": "0777",
            "file_permission": "0777",
            "filename": "/home/pat/terra3/hosts.cfg",
            "id": "675eb5eea376dfdddbedb1a6d4583f9f4903a3bb",
            "sensitive_content": null,
            "source": null
          },
          "sensitive_attributes": [],
          "dependencies": [
            "data.yandex_compute_image.ubuntu",
            "data.yandex_compute_image.ubuntu-2004-lts",
            "yandex_compute_disk.disks",
            "yandex_compute_instance.for_each",
            "yandex_compute_instance.storage",
            "yandex_compute_instance.web",
            "yandex_vpc_network.develop",
            "yandex_vpc_security_group.example",
            "yandex_vpc_subnet.develop"
          ]
        }
      ]
    },
    {
      "mode": "managed",
      "type": "null_resource",
      "name": "web_hosts_provision",
      "provider": "provider[\"registry.terraform.io/hashicorp/null\"]",
      "instances": [
        {
          "schema_version": 0,
          "attributes": {
            "id": "6306474631195477774",
            "triggers": {
              "always_run": "2023-11-18T19:29:16Z",
              "playbook_src_hash": "---\n\n- name: test\n  gather_facts: false\n  hosts: all\n  vars:\n    ansible_user: ubuntu\n  become: yes\n  tasks:\n\n  - name: Install Nginx Web Server on Debian Family\n    apt:\n      name: nginx\n      state: latest\n      update_cache: yes",
              "ssh_public_key": "ssh-ed25519 AAAAC3NzaC1lZDI1NTE5AAAAILY2tQivwpBZkh8I6jYv6I5OiDDcWGUXhOLPq3xjx6jj pat@olZion\n"
            }
          },
          "sensitive_attributes": [],
          "dependencies": [
            "data.yandex_compute_image.ubuntu-2004-lts",
            "yandex_compute_disk.disks",
            "yandex_compute_instance.storage",
            "yandex_vpc_network.develop",
            "yandex_vpc_security_group.example",
            "yandex_vpc_subnet.develop"
          ]
        }
      ]
    },
    {
      "mode": "managed",
      "type": "yandex_compute_disk",
      "name": "disks",
      "provider": "provider[\"registry.terraform.io/yandex-cloud/yandex\"]",
      "instances": [
        {
          "index_key": 0,
          "schema_version": 0,
          "attributes": {
            "allow_recreate": null,
            "block_size": 4096,
            "created_at": "2023-11-18T18:50:03Z",
            "description": "",
            "disk_placement_policy": [
              {
                "disk_placement_group_id": ""
              }
            ],
            "folder_id": "b1g8c3tca2l5jjklq867",
            "id": "fhm50a8qkdf7k9ugdiio",
            "image_id": "fd853sqaosrb2anl1uve",
            "labels": {},
            "name": "disk-1",
            "product_ids": [
              "f2e85kvch9jbvjc9nu9g"
            ],
            "size": 5,
            "snapshot_id": "",
            "status": "ready",
            "timeouts": null,
            "type": "network-hdd",
            "zone": "ru-central1-a"
          },
          "sensitive_attributes": [],
          "private": "eyJlMmJmYjczMC1lY2FhLTExZTYtOGY4OC0zNDM2M2JjN2M0YzAiOnsiY3JlYXRlIjozMDAwMDAwMDAwMDAsImRlbGV0ZSI6MzAwMDAwMDAwMDAwLCJ1cGRhdGUiOjMwMDAwMDAwMDAwMH19",
          "dependencies": [
            "data.yandex_compute_image.ubuntu-2004-lts"
          ]
        },
        {
          "index_key": 1,
          "schema_version": 0,
          "attributes": {
            "allow_recreate": null,
            "block_size": 4096,
            "created_at": "2023-11-18T18:50:03Z",
            "description": "",
            "disk_placement_policy": [
              {
                "disk_placement_group_id": ""
              }
            ],
            "folder_id": "b1g8c3tca2l5jjklq867",
            "id": "fhmgcr9v0o6v4n3dppbk",
            "image_id": "fd853sqaosrb2anl1uve",
            "labels": {},
            "name": "disk-2",
            "product_ids": [
              "f2e85kvch9jbvjc9nu9g"
            ],
            "size": 5,
            "snapshot_id": "",
            "status": "ready",
            "timeouts": null,
            "type": "network-hdd",
            "zone": "ru-central1-a"
          },
          "sensitive_attributes": [],
          "private": "eyJlMmJmYjczMC1lY2FhLTExZTYtOGY4OC0zNDM2M2JjN2M0YzAiOnsiY3JlYXRlIjozMDAwMDAwMDAwMDAsImRlbGV0ZSI6MzAwMDAwMDAwMDAwLCJ1cGRhdGUiOjMwMDAwMDAwMDAwMH19",
          "dependencies": [
            "data.yandex_compute_image.ubuntu-2004-lts"
          ]
        },
        {
          "index_key": 2,
          "schema_version": 0,
          "attributes": {
            "allow_recreate": null,
            "block_size": 4096,
            "created_at": "2023-11-18T18:50:03Z",
            "description": "",
            "disk_placement_policy": [
              {
                "disk_placement_group_id": ""
              }
            ],
            "folder_id": "b1g8c3tca2l5jjklq867",
            "id": "fhme65959qtl1ubjko4p",
            "image_id": "fd853sqaosrb2anl1uve",
            "labels": {},
            "name": "disk-3",
            "product_ids": [
              "f2e85kvch9jbvjc9nu9g"
            ],
            "size": 5,
            "snapshot_id": "",
            "status": "ready",
            "timeouts": null,
            "type": "network-hdd",
            "zone": "ru-central1-a"
          },
          "sensitive_attributes": [],
          "private": "eyJlMmJmYjczMC1lY2FhLTExZTYtOGY4OC0zNDM2M2JjN2M0YzAiOnsiY3JlYXRlIjozMDAwMDAwMDAwMDAsImRlbGV0ZSI6MzAwMDAwMDAwMDAwLCJ1cGRhdGUiOjMwMDAwMDAwMDAwMH19",
          "dependencies": [
            "data.yandex_compute_image.ubuntu-2004-lts"
          ]
        }
      ]
    },
    {
      "mode": "managed",
      "type": "yandex_compute_instance",
      "name": "for_each",
      "provider": "provider[\"registry.terraform.io/yandex-cloud/yandex\"]",
      "instances": [
        {
          "index_key": "main",
          "schema_version": 1,
          "attributes": {
            "allow_recreate": null,
            "allow_stopping_for_update": null,
            "boot_disk": [
              {
                "auto_delete": true,
                "device_name": "fhmo2hmaohetnp2e8uni",
                "disk_id": "fhmo2hmaohetnp2e8uni",
                "initialize_params": [
                  {
                    "block_size": 4096,
                    "description": "",
                    "image_id": "fd853sqaosrb2anl1uve",
                    "name": "",
                    "size": 5,
                    "snapshot_id": "",
                    "type": "network-hdd"
                  }
                ],
                "mode": "READ_WRITE"
              }
            ],
            "created_at": "2023-11-18T18:50:47Z",
            "description": "",
            "filesystem": [],
            "folder_id": "b1g8c3tca2l5jjklq867",
            "fqdn": "fhml2ssm4v2t8cva70ba.auto.internal",
            "gpu_cluster_id": "",
            "hostname": "",
            "id": "fhml2ssm4v2t8cva70ba",
            "labels": {},
            "local_disk": [],
            "metadata": {
              "serial-port-enable": "1",
              "ssh-keys": "ubuntu:ssh-ed25519 AAAAC3NzaC1lZDI1NTE5AAAAILY2tQivwpBZkh8I6jYv6I5OiDDcWGUXhOLPq3xjx6jj pat@olZion\n"
            },
            "metadata_options": [
              {
                "aws_v1_http_endpoint": 1,
                "aws_v1_http_token": 2,
                "gce_http_endpoint": 1,
                "gce_http_token": 1
              }
            ],
            "name": "main",
            "network_acceleration_type": "standard",
            "network_interface": [
              {
                "dns_record": [],
                "index": 0,
                "ip_address": "10.0.1.9",
                "ipv4": true,
                "ipv6": false,
                "ipv6_address": "",
                "ipv6_dns_record": [],
                "mac_address": "d0:0d:15:17:39:62",
                "nat": true,
                "nat_dns_record": [],
                "nat_ip_address": "51.250.71.245",
                "nat_ip_version": "IPV4",
                "security_group_ids": [
                  "enp0i313rni6980ea28d"
                ],
                "subnet_id": "e9bhlqo83akdd0n2ehl3"
              }
            ],
            "placement_policy": [
              {
                "host_affinity_rules": [],
                "placement_group_id": ""
              }
            ],
            "platform_id": "standard-v1",
            "resources": [
              {
                "core_fraction": 100,
                "cores": 2,
                "gpus": 0,
                "memory": 2
              }
            ],
            "scheduling_policy": [
              {
                "preemptible": true
              }
            ],
            "secondary_disk": [],
            "service_account_id": "",
            "status": "running",
            "timeouts": null,
            "zone": "ru-central1-a"
          },
          "sensitive_attributes": [],
          "private": "eyJlMmJmYjczMC1lY2FhLTExZTYtOGY4OC0zNDM2M2JjN2M0YzAiOnsiY3JlYXRlIjozMDAwMDAwMDAwMDAsImRlbGV0ZSI6MzAwMDAwMDAwMDAwLCJ1cGRhdGUiOjMwMDAwMDAwMDAwMH0sInNjaGVtYV92ZXJzaW9uIjoiMSJ9",
          "dependencies": [
            "data.yandex_compute_image.ubuntu",
            "data.yandex_compute_image.ubuntu-2004-lts",
            "yandex_compute_instance.web",
            "yandex_vpc_network.develop",
            "yandex_vpc_security_group.example",
            "yandex_vpc_subnet.develop"
          ]
        },
        {
          "index_key": "replica",
          "schema_version": 1,
          "attributes": {
            "allow_recreate": null,
            "allow_stopping_for_update": null,
            "boot_disk": [
              {
                "auto_delete": true,
                "device_name": "fhmboqd6edcpmbf3fcrf",
                "disk_id": "fhmboqd6edcpmbf3fcrf",
                "initialize_params": [
                  {
                    "block_size": 4096,
                    "description": "",
                    "image_id": "fd853sqaosrb2anl1uve",
                    "name": "",
                    "size": 10,
                    "snapshot_id": "",
                    "type": "network-hdd"
                  }
                ],
                "mode": "READ_WRITE"
              }
            ],
            "created_at": "2023-11-18T18:50:47Z",
            "description": "",
            "filesystem": [],
            "folder_id": "b1g8c3tca2l5jjklq867",
            "fqdn": "fhmp6s886l0dscc0l1am.auto.internal",
            "gpu_cluster_id": "",
            "hostname": "",
            "id": "fhmp6s886l0dscc0l1am",
            "labels": {},
            "local_disk": [],
            "metadata": {
              "serial-port-enable": "1",
              "ssh-keys": "ubuntu:ssh-ed25519 AAAAC3NzaC1lZDI1NTE5AAAAILY2tQivwpBZkh8I6jYv6I5OiDDcWGUXhOLPq3xjx6jj pat@olZion\n"
            },
            "metadata_options": [
              {
                "aws_v1_http_endpoint": 1,
                "aws_v1_http_token": 2,
                "gce_http_endpoint": 1,
                "gce_http_token": 1
              }
            ],
            "name": "replica",
            "network_acceleration_type": "standard",
            "network_interface": [
              {
                "dns_record": [],
                "index": 0,
                "ip_address": "10.0.1.29",
                "ipv4": true,
                "ipv6": false,
                "ipv6_address": "",
                "ipv6_dns_record": [],
                "mac_address": "d0:0d:19:37:10:83",
                "nat": true,
                "nat_dns_record": [],
                "nat_ip_address": "51.250.0.79",
                "nat_ip_version": "IPV4",
                "security_group_ids": [
                  "enp0i313rni6980ea28d"
                ],
                "subnet_id": "e9bhlqo83akdd0n2ehl3"
              }
            ],
            "placement_policy": [
              {
                "host_affinity_rules": [],
                "placement_group_id": ""
              }
            ],
            "platform_id": "standard-v1",
            "resources": [
              {
                "core_fraction": 100,
                "cores": 2,
                "gpus": 0,
                "memory": 2
              }
            ],
            "scheduling_policy": [
              {
                "preemptible": true
              }
            ],
            "secondary_disk": [],
            "service_account_id": "",
            "status": "running",
            "timeouts": null,
            "zone": "ru-central1-a"
          },
          "sensitive_attributes": [],
          "private": "eyJlMmJmYjczMC1lY2FhLTExZTYtOGY4OC0zNDM2M2JjN2M0YzAiOnsiY3JlYXRlIjozMDAwMDAwMDAwMDAsImRlbGV0ZSI6MzAwMDAwMDAwMDAwLCJ1cGRhdGUiOjMwMDAwMDAwMDAwMH0sInNjaGVtYV92ZXJzaW9uIjoiMSJ9",
          "dependencies": [
            "data.yandex_compute_image.ubuntu",
            "data.yandex_compute_image.ubuntu-2004-lts",
            "yandex_compute_instance.web",
            "yandex_vpc_network.develop",
            "yandex_vpc_security_group.example",
            "yandex_vpc_subnet.develop"
          ]
        }
      ]
    },
    {
      "mode": "managed",
      "type": "yandex_compute_instance",
      "name": "storage",
      "provider": "provider[\"registry.terraform.io/yandex-cloud/yandex\"]",
      "instances": [
        {
          "schema_version": 1,
          "attributes": {
            "allow_recreate": null,
            "allow_stopping_for_update": null,
            "boot_disk": [
              {
                "auto_delete": true,
                "device_name": "fhmu5boe63v42a8lk4aq",
                "disk_id": "fhmu5boe63v42a8lk4aq",
                "initialize_params": [
                  {
                    "block_size": 4096,
                    "description": "",
                    "image_id": "fd853sqaosrb2anl1uve",
                    "name": "",
                    "size": 5,
                    "snapshot_id": "",
                    "type": "network-hdd"
                  }
                ],
                "mode": "READ_WRITE"
              }
            ],
            "created_at": "2023-11-18T18:50:16Z",
            "description": "",
            "filesystem": [],
            "folder_id": "b1g8c3tca2l5jjklq867",
            "fqdn": "fhm1giv8ut7ct8u0k0a6.auto.internal",
            "gpu_cluster_id": "",
            "hostname": "",
            "id": "fhm1giv8ut7ct8u0k0a6",
            "labels": {},
            "local_disk": [],
            "metadata": {
              "serial-port-enable": "1",
              "ssh-keys": "ubuntu:ssh-ed25519 AAAAC3NzaC1lZDI1NTE5AAAAILY2tQivwpBZkh8I6jYv6I5OiDDcWGUXhOLPq3xjx6jj pat@olZion\n"
            },
            "metadata_options": [
              {
                "aws_v1_http_endpoint": 1,
                "aws_v1_http_token": 2,
                "gce_http_endpoint": 1,
                "gce_http_token": 1
              }
            ],
            "name": "storage",
            "network_acceleration_type": "standard",
            "network_interface": [
              {
                "dns_record": [],
                "index": 0,
                "ip_address": "10.0.1.31",
                "ipv4": true,
                "ipv6": false,
                "ipv6_address": "",
                "ipv6_dns_record": [],
                "mac_address": "d0:0d:18:4b:e8:f7",
                "nat": true,
                "nat_dns_record": [],
                "nat_ip_address": "51.250.65.197",
                "nat_ip_version": "IPV4",
                "security_group_ids": [
                  "enp0i313rni6980ea28d"
                ],
                "subnet_id": "e9bhlqo83akdd0n2ehl3"
              }
            ],
            "placement_policy": [
              {
                "host_affinity_rules": [],
                "placement_group_id": ""
              }
            ],
            "platform_id": "standard-v1",
            "resources": [
              {
                "core_fraction": 5,
                "cores": 2,
                "gpus": 0,
                "memory": 1
              }
            ],
            "scheduling_policy": [
              {
                "preemptible": false
              }
            ],
            "secondary_disk": [
              {
                "auto_delete": false,
                "device_name": "fhm50a8qkdf7k9ugdiio",
                "disk_id": "fhm50a8qkdf7k9ugdiio",
                "mode": "READ_WRITE"
              },
              {
                "auto_delete": false,
                "device_name": "fhmgcr9v0o6v4n3dppbk",
                "disk_id": "fhmgcr9v0o6v4n3dppbk",
                "mode": "READ_WRITE"
              },
              {
                "auto_delete": false,
                "device_name": "fhme65959qtl1ubjko4p",
                "disk_id": "fhme65959qtl1ubjko4p",
                "mode": "READ_WRITE"
              }
            ],
            "service_account_id": "",
            "status": "running",
            "timeouts": null,
            "zone": "ru-central1-a"
          },
          "sensitive_attributes": [],
          "private": "eyJlMmJmYjczMC1lY2FhLTExZTYtOGY4OC0zNDM2M2JjN2M0YzAiOnsiY3JlYXRlIjozMDAwMDAwMDAwMDAsImRlbGV0ZSI6MzAwMDAwMDAwMDAwLCJ1cGRhdGUiOjMwMDAwMDAwMDAwMH0sInNjaGVtYV92ZXJzaW9uIjoiMSJ9",
          "dependencies": [
            "data.yandex_compute_image.ubuntu-2004-lts",
            "yandex_compute_disk.disks",
            "yandex_vpc_network.develop",
            "yandex_vpc_security_group.example",
            "yandex_vpc_subnet.develop"
          ]
        }
      ]
    },
    {
      "mode": "managed",
      "type": "yandex_compute_instance",
      "name": "web",
      "provider": "provider[\"registry.terraform.io/yandex-cloud/yandex\"]",
      "instances": [
        {
          "index_key": 0,
          "schema_version": 1,
          "attributes": {
            "allow_recreate": null,
            "allow_stopping_for_update": true,
            "boot_disk": [
              {
                "auto_delete": true,
                "device_name": "fhmme5j4vm60nflqtbp2",
                "disk_id": "fhmme5j4vm60nflqtbp2",
                "initialize_params": [
                  {
                    "block_size": 4096,
                    "description": "",
                    "image_id": "fd853sqaosrb2anl1uve",
                    "name": "",
                    "size": 5,
                    "snapshot_id": "",
                    "type": "network-hdd"
                  }
                ],
                "mode": "READ_WRITE"
              }
            ],
            "created_at": "2023-11-18T18:50:07Z",
            "description": "",
            "filesystem": [],
            "folder_id": "b1g8c3tca2l5jjklq867",
            "fqdn": "fhm99nvu37e9g19sd94r.auto.internal",
            "gpu_cluster_id": "",
            "hostname": "",
            "id": "fhm99nvu37e9g19sd94r",
            "labels": {},
            "local_disk": [],
            "metadata": {
              "ssh-keys": "ubuntu:ssh-ed25519 AAAAC3NzaC1lZDI1NTE5AAAAILY2tQivwpBZkh8I6jYv6I5OiDDcWGUXhOLPq3xjx6jj pat@olZion"
            },
            "metadata_options": [
              {
                "aws_v1_http_endpoint": 1,
                "aws_v1_http_token": 2,
                "gce_http_endpoint": 1,
                "gce_http_token": 1
              }
            ],
            "name": "web-1",
            "network_acceleration_type": "standard",
            "network_interface": [
              {
                "dns_record": [],
                "index": 0,
                "ip_address": "10.0.1.10",
                "ipv4": true,
                "ipv6": false,
                "ipv6_address": "",
                "ipv6_dns_record": [],
                "mac_address": "d0:0d:94:df:fe:19",
                "nat": true,
                "nat_dns_record": [],
                "nat_ip_address": "51.250.5.52",
                "nat_ip_version": "IPV4",
                "security_group_ids": [
                  "enp0i313rni6980ea28d"
                ],
                "subnet_id": "e9bhlqo83akdd0n2ehl3"
              }
            ],
            "placement_policy": [
              {
                "host_affinity_rules": [],
                "placement_group_id": ""
              }
            ],
            "platform_id": "standard-v1",
            "resources": [
              {
                "core_fraction": 20,
                "cores": 2,
                "gpus": 0,
                "memory": 1
              }
            ],
            "scheduling_policy": [
              {
                "preemptible": true
              }
            ],
            "secondary_disk": [],
            "service_account_id": "",
            "status": "running",
            "timeouts": null,
            "zone": "ru-central1-a"
          },
          "sensitive_attributes": [],
          "private": "eyJlMmJmYjczMC1lY2FhLTExZTYtOGY4OC0zNDM2M2JjN2M0YzAiOnsiY3JlYXRlIjozMDAwMDAwMDAwMDAsImRlbGV0ZSI6MzAwMDAwMDAwMDAwLCJ1cGRhdGUiOjMwMDAwMDAwMDAwMH0sInNjaGVtYV92ZXJzaW9uIjoiMSJ9",
          "dependencies": [
            "data.yandex_compute_image.ubuntu-2004-lts",
            "yandex_vpc_network.develop",
            "yandex_vpc_security_group.example",
            "yandex_vpc_subnet.develop"
          ]
        },
        {
          "index_key": 1,
          "schema_version": 1,
          "attributes": {
            "allow_recreate": null,
            "allow_stopping_for_update": true,
            "boot_disk": [
              {
                "auto_delete": true,
                "device_name": "fhmhb6s3jb3m2p776rvj",
                "disk_id": "fhmhb6s3jb3m2p776rvj",
                "initialize_params": [
                  {
                    "block_size": 4096,
                    "description": "",
                    "image_id": "fd853sqaosrb2anl1uve",
                    "name": "",
                    "size": 5,
                    "snapshot_id": "",
                    "type": "network-hdd"
                  }
                ],
                "mode": "READ_WRITE"
              }
            ],
            "created_at": "2023-11-18T18:50:07Z",
            "description": "",
            "filesystem": [],
            "folder_id": "b1g8c3tca2l5jjklq867",
            "fqdn": "fhmm43bghbdkgfush3fa.auto.internal",
            "gpu_cluster_id": "",
            "hostname": "",
            "id": "fhmm43bghbdkgfush3fa",
            "labels": {},
            "local_disk": [],
            "metadata": {
              "ssh-keys": "ubuntu:ssh-ed25519 AAAAC3NzaC1lZDI1NTE5AAAAILY2tQivwpBZkh8I6jYv6I5OiDDcWGUXhOLPq3xjx6jj pat@olZion"
            },
            "metadata_options": [
              {
                "aws_v1_http_endpoint": 1,
                "aws_v1_http_token": 2,
                "gce_http_endpoint": 1,
                "gce_http_token": 1
              }
            ],
            "name": "web-2",
            "network_acceleration_type": "standard",
            "network_interface": [
              {
                "dns_record": [],
                "index": 0,
                "ip_address": "10.0.1.8",
                "ipv4": true,
                "ipv6": false,
                "ipv6_address": "",
                "ipv6_dns_record": [],
                "mac_address": "d0:0d:16:20:d7:08",
                "nat": true,
                "nat_dns_record": [],
                "nat_ip_address": "51.250.15.85",
                "nat_ip_version": "IPV4",
                "security_group_ids": [
                  "enp0i313rni6980ea28d"
                ],
                "subnet_id": "e9bhlqo83akdd0n2ehl3"
              }
            ],
            "placement_policy": [
              {
                "host_affinity_rules": [],
                "placement_group_id": ""
              }
            ],
            "platform_id": "standard-v1",
            "resources": [
              {
                "core_fraction": 20,
                "cores": 2,
                "gpus": 0,
                "memory": 1
              }
            ],
            "scheduling_policy": [
              {
                "preemptible": true
              }
            ],
            "secondary_disk": [],
            "service_account_id": "",
            "status": "running",
            "timeouts": null,
            "zone": "ru-central1-a"
          },
          "sensitive_attributes": [],
          "private": "eyJlMmJmYjczMC1lY2FhLTExZTYtOGY4OC0zNDM2M2JjN2M0YzAiOnsiY3JlYXRlIjozMDAwMDAwMDAwMDAsImRlbGV0ZSI6MzAwMDAwMDAwMDAwLCJ1cGRhdGUiOjMwMDAwMDAwMDAwMH0sInNjaGVtYV92ZXJzaW9uIjoiMSJ9",
          "dependencies": [
            "data.yandex_compute_image.ubuntu-2004-lts",
            "yandex_vpc_network.develop",
            "yandex_vpc_security_group.example",
            "yandex_vpc_subnet.develop"
          ]
        }
      ]
    },
    {
      "mode": "managed",
      "type": "yandex_vpc_network",
      "name": "develop",
      "provider": "provider[\"registry.terraform.io/yandex-cloud/yandex\"]",
      "instances": [
        {
          "schema_version": 0,
          "attributes": {
            "created_at": "2023-11-18T18:50:03Z",
            "default_security_group_id": "enpp3obsj0ld5tkdveh9",
            "description": "",
            "folder_id": "b1g8c3tca2l5jjklq867",
            "id": "enpfudbg4dt4aqnff0ro",
            "labels": {},
            "name": "develop",
            "subnet_ids": [
              "e9bhlqo83akdd0n2ehl3"
            ],
            "timeouts": null
          },
          "sensitive_attributes": [],
          "private": "eyJlMmJmYjczMC1lY2FhLTExZTYtOGY4OC0zNDM2M2JjN2M0YzAiOnsiY3JlYXRlIjo2MDAwMDAwMDAwMCwiZGVsZXRlIjo2MDAwMDAwMDAwMCwidXBkYXRlIjo2MDAwMDAwMDAwMH19"
        }
      ]
    },
    {
      "mode": "managed",
      "type": "yandex_vpc_security_group",
      "name": "example",
      "provider": "provider[\"registry.terraform.io/yandex-cloud/yandex\"]",
      "instances": [
        {
          "schema_version": 0,
          "attributes": {
            "created_at": "2023-11-18T18:50:06Z",
            "description": "",
            "egress": [
              {
                "description": "разрешить весь исходящий трафик",
                "from_port": 0,
                "id": "enpaoeb5pto2cti2i70b",
                "labels": {},
                "port": -1,
                "predefined_target": "",
                "protocol": "TCP",
                "security_group_id": "",
                "to_port": 65365,
                "v4_cidr_blocks": [
                  "0.0.0.0/0"
                ],
                "v6_cidr_blocks": []
              }
            ],
            "folder_id": "b1g8c3tca2l5jjklq867",
            "id": "enp0i313rni6980ea28d",
            "ingress": [
              {
                "description": "разрешить входящий  http",
                "from_port": -1,
                "id": "enprd5nkib4q1acbuf8v",
                "labels": {},
                "port": 80,
                "predefined_target": "",
                "protocol": "TCP",
                "security_group_id": "",
                "to_port": -1,
                "v4_cidr_blocks": [
                  "0.0.0.0/0"
                ],
                "v6_cidr_blocks": []
              },
              {
                "description": "разрешить входящий https",
                "from_port": -1,
                "id": "enphfst7sfs66fdivumg",
                "labels": {},
                "port": 443,
                "predefined_target": "",
                "protocol": "TCP",
                "security_group_id": "",
                "to_port": -1,
                "v4_cidr_blocks": [
                  "0.0.0.0/0"
                ],
                "v6_cidr_blocks": []
              },
              {
                "description": "разрешить входящий ssh",
                "from_port": -1,
                "id": "enps7b0jrpldbg7cebdr",
                "labels": {},
                "port": 22,
                "predefined_target": "",
                "protocol": "TCP",
                "security_group_id": "",
                "to_port": -1,
                "v4_cidr_blocks": [
                  "0.0.0.0/0"
                ],
                "v6_cidr_blocks": []
              }
            ],
            "labels": {},
            "name": "example_dynamic",
            "network_id": "enpfudbg4dt4aqnff0ro",
            "status": "ACTIVE",
            "timeouts": null
          },
          "sensitive_attributes": [],
          "private": "eyJlMmJmYjczMC1lY2FhLTExZTYtOGY4OC0zNDM2M2JjN2M0YzAiOnsiY3JlYXRlIjoxODAwMDAwMDAwMDAsImRlbGV0ZSI6MTgwMDAwMDAwMDAwLCJ1cGRhdGUiOjE4MDAwMDAwMDAwMH19",
          "dependencies": [
            "yandex_vpc_network.develop"
          ]
        }
      ]
    },
    {
      "mode": "managed",
      "type": "yandex_vpc_subnet",
      "name": "develop",
      "provider": "provider[\"registry.terraform.io/yandex-cloud/yandex\"]",
      "instances": [
        {
          "schema_version": 0,
          "attributes": {
            "created_at": "2023-11-18T18:50:05Z",
            "description": "",
            "dhcp_options": [],
            "folder_id": "b1g8c3tca2l5jjklq867",
            "id": "e9bhlqo83akdd0n2ehl3",
            "labels": {},
            "name": "develop",
            "network_id": "enpfudbg4dt4aqnff0ro",
            "route_table_id": "",
            "timeouts": null,
            "v4_cidr_blocks": [
              "10.0.1.0/24"
            ],
            "v6_cidr_blocks": [],
            "zone": "ru-central1-a"
          },
          "sensitive_attributes": [],
          "private": "eyJlMmJmYjczMC1lY2FhLTExZTYtOGY4OC0zNDM2M2JjN2M0YzAiOnsiY3JlYXRlIjoxODAwMDAwMDAwMDAsImRlbGV0ZSI6MTgwMDAwMDAwMDAwLCJ1cGRhdGUiOjE4MDAwMDAwMDAwMH19",
          "dependencies": [
            "yandex_vpc_network.develop"
          ]
        }
      ]
    }
  ],
  "check_results": null
}
